
Microsoft Visual Studio Solution File, Format Version 12.00
# Visual Studio Version 17
VisualStudioVersion = 17.5.33530.505
MinimumVisualStudioVersion = 10.0.40219.1
Project("{FAE04EC0-301F-11D3-BF4B-00C04F79EFBC}") = "Task_2", "Task_2.csproj", "{DA56E189-5388-411D-B463-D8A7FF2EF1DE}"
EndProject
Global
	GlobalSection(SolutionConfigurationPlatforms) = preSolution
		Debug|Any CPU = Debug|Any CPU
		Release|Any CPU = Release|Any CPU
	EndGlobalSection
	GlobalSection(ProjectConfigurationPlatforms) = postSolution
		{DA56E189-5388-411D-B463-D8A7FF2EF1DE}.Debug|Any CPU.ActiveCfg = Debug|Any CPU
		{DA56E189-5388-411D-B463-D8A7FF2EF1DE}.Debug|Any CPU.Build.0 = Debug|Any CPU
		{DA56E189-5388-411D-B463-D8A7FF2EF1DE}.Release|Any CPU.ActiveCfg = Release|Any CPU
		{DA56E189-5388-411D-B463-D8A7FF2EF1DE}.Release|Any CPU.Build.0 = Release|Any CPU
	EndGlobalSection
	GlobalSection(SolutionProperties) = preSolution
		HideSolutionNode = FALSE
	EndGlobalSection
	GlobalSection(ExtensibilityGlobals) = postSolution
		SolutionGuid = {C37E7ED1-B1CA-46BB-BC51-3B0473F38530}
	EndGlobalSection
EndGlobal
