
Microsoft Visual Studio Solution File, Format Version 12.00
# Visual Studio Version 17
VisualStudioVersion = 17.5.33530.505
MinimumVisualStudioVersion = 10.0.40219.1
Project("{FAE04EC0-301F-11D3-BF4B-00C04F79EFBC}") = "Task_2", "Task_2.csproj", "{054B9049-6CC2-4D95-B735-8522AC02EADE}"
EndProject
Global
	GlobalSection(SolutionConfigurationPlatforms) = preSolution
		Debug|Any CPU = Debug|Any CPU
		Release|Any CPU = Release|Any CPU
	EndGlobalSection
	GlobalSection(ProjectConfigurationPlatforms) = postSolution
		{054B9049-6CC2-4D95-B735-8522AC02EADE}.Debug|Any CPU.ActiveCfg = Debug|Any CPU
		{054B9049-6CC2-4D95-B735-8522AC02EADE}.Debug|Any CPU.Build.0 = Debug|Any CPU
		{054B9049-6CC2-4D95-B735-8522AC02EADE}.Release|Any CPU.ActiveCfg = Release|Any CPU
		{054B9049-6CC2-4D95-B735-8522AC02EADE}.Release|Any CPU.Build.0 = Release|Any CPU
	EndGlobalSection
	GlobalSection(SolutionProperties) = preSolution
		HideSolutionNode = FALSE
	EndGlobalSection
	GlobalSection(ExtensibilityGlobals) = postSolution
		SolutionGuid = {AD37BE16-C827-43B2-9C7F-2CFB212D1EFA}
	EndGlobalSection
EndGlobal
