
Microsoft Visual Studio Solution File, Format Version 12.00
# Visual Studio Version 17
VisualStudioVersion = 17.5.33516.290
MinimumVisualStudioVersion = 10.0.40219.1
Project("{FAE04EC0-301F-11D3-BF4B-00C04F79EFBC}") = "Task2", "Task2.csproj", "{D05784F0-8577-492E-ACA1-1CF17629CABF}"
EndProject
Global
	GlobalSection(SolutionConfigurationPlatforms) = preSolution
		Debug|Any CPU = Debug|Any CPU
		Release|Any CPU = Release|Any CPU
	EndGlobalSection
	GlobalSection(ProjectConfigurationPlatforms) = postSolution
		{D05784F0-8577-492E-ACA1-1CF17629CABF}.Debug|Any CPU.ActiveCfg = Debug|Any CPU
		{D05784F0-8577-492E-ACA1-1CF17629CABF}.Debug|Any CPU.Build.0 = Debug|Any CPU
		{D05784F0-8577-492E-ACA1-1CF17629CABF}.Release|Any CPU.ActiveCfg = Release|Any CPU
		{D05784F0-8577-492E-ACA1-1CF17629CABF}.Release|Any CPU.Build.0 = Release|Any CPU
	EndGlobalSection
	GlobalSection(SolutionProperties) = preSolution
		HideSolutionNode = FALSE
	EndGlobalSection
	GlobalSection(ExtensibilityGlobals) = postSolution
		SolutionGuid = {370CA478-5A0F-473B-AFE6-EC6A3F63D907}
	EndGlobalSection
EndGlobal
