
Microsoft Visual Studio Solution File, Format Version 12.00
# Visual Studio Version 17
VisualStudioVersion = 17.5.33627.172
MinimumVisualStudioVersion = 10.0.40219.1
Project("{FAE04EC0-301F-11D3-BF4B-00C04F79EFBC}") = "Home_Task_7", "Home_Task_7.csproj", "{952EF77E-6CF0-4550-9E06-EE552F5DF19B}"
EndProject
Global
	GlobalSection(SolutionConfigurationPlatforms) = preSolution
		Debug|Any CPU = Debug|Any CPU
		Release|Any CPU = Release|Any CPU
	EndGlobalSection
	GlobalSection(ProjectConfigurationPlatforms) = postSolution
		{952EF77E-6CF0-4550-9E06-EE552F5DF19B}.Debug|Any CPU.ActiveCfg = Debug|Any CPU
		{952EF77E-6CF0-4550-9E06-EE552F5DF19B}.Debug|Any CPU.Build.0 = Debug|Any CPU
		{952EF77E-6CF0-4550-9E06-EE552F5DF19B}.Release|Any CPU.ActiveCfg = Release|Any CPU
		{952EF77E-6CF0-4550-9E06-EE552F5DF19B}.Release|Any CPU.Build.0 = Release|Any CPU
	EndGlobalSection
	GlobalSection(SolutionProperties) = preSolution
		HideSolutionNode = FALSE
	EndGlobalSection
	GlobalSection(ExtensibilityGlobals) = postSolution
		SolutionGuid = {9C6A6C4D-590E-4CD1-BED0-5D6995CDF4FC}
	EndGlobalSection
EndGlobal
